
Microsoft Visual Studio Solution File, Format Version 12.00
# Visual Studio Version 16
VisualStudioVersion = 16.0.30114.105
MinimumVisualStudioVersion = 10.0.40219.1
Project("{2150E333-8FDC-42A3-9474-1A3956D46DE8}") = "src", "src", "{5F194541-19CC-4166-B1D1-B805EF1FF2C4}"
EndProject
Project("{FAE04EC0-301F-11D3-BF4B-00C04F79EFBC}") = "CommandAPI", "src\CommandAPI\CommandAPI.csproj", "{067D1E38-BF2C-44B6-A95A-06F0DBCDD364}"
EndProject
Project("{2150E333-8FDC-42A3-9474-1A3956D46DE8}") = "test", "test", "{C9A1B14C-5158-42F6-A2FB-24663F59ECDC}"
EndProject
Project("{FAE04EC0-301F-11D3-BF4B-00C04F79EFBC}") = "CommandAPI.Tests", "test\CommandAPI.Tests\CommandAPI.Tests.csproj", "{6AB1BAC1-8642-439E-B0C9-9118D8272330}"
EndProject
Global
	GlobalSection(SolutionConfigurationPlatforms) = preSolution
		Debug|Any CPU = Debug|Any CPU
		Debug|x64 = Debug|x64
		Debug|x86 = Debug|x86
		Release|Any CPU = Release|Any CPU
		Release|x64 = Release|x64
		Release|x86 = Release|x86
	EndGlobalSection
	GlobalSection(SolutionProperties) = preSolution
		HideSolutionNode = FALSE
	EndGlobalSection
	GlobalSection(ProjectConfigurationPlatforms) = postSolution
		{067D1E38-BF2C-44B6-A95A-06F0DBCDD364}.Debug|Any CPU.ActiveCfg = Debug|Any CPU
		{067D1E38-BF2C-44B6-A95A-06F0DBCDD364}.Debug|Any CPU.Build.0 = Debug|Any CPU
		{067D1E38-BF2C-44B6-A95A-06F0DBCDD364}.Debug|x64.ActiveCfg = Debug|Any CPU
		{067D1E38-BF2C-44B6-A95A-06F0DBCDD364}.Debug|x64.Build.0 = Debug|Any CPU
		{067D1E38-BF2C-44B6-A95A-06F0DBCDD364}.Debug|x86.ActiveCfg = Debug|Any CPU
		{067D1E38-BF2C-44B6-A95A-06F0DBCDD364}.Debug|x86.Build.0 = Debug|Any CPU
		{067D1E38-BF2C-44B6-A95A-06F0DBCDD364}.Release|Any CPU.ActiveCfg = Release|Any CPU
		{067D1E38-BF2C-44B6-A95A-06F0DBCDD364}.Release|Any CPU.Build.0 = Release|Any CPU
		{067D1E38-BF2C-44B6-A95A-06F0DBCDD364}.Release|x64.ActiveCfg = Release|Any CPU
		{067D1E38-BF2C-44B6-A95A-06F0DBCDD364}.Release|x64.Build.0 = Release|Any CPU
		{067D1E38-BF2C-44B6-A95A-06F0DBCDD364}.Release|x86.ActiveCfg = Release|Any CPU
		{067D1E38-BF2C-44B6-A95A-06F0DBCDD364}.Release|x86.Build.0 = Release|Any CPU
		{6AB1BAC1-8642-439E-B0C9-9118D8272330}.Debug|Any CPU.ActiveCfg = Debug|Any CPU
		{6AB1BAC1-8642-439E-B0C9-9118D8272330}.Debug|Any CPU.Build.0 = Debug|Any CPU
		{6AB1BAC1-8642-439E-B0C9-9118D8272330}.Debug|x64.ActiveCfg = Debug|Any CPU
		{6AB1BAC1-8642-439E-B0C9-9118D8272330}.Debug|x64.Build.0 = Debug|Any CPU
		{6AB1BAC1-8642-439E-B0C9-9118D8272330}.Debug|x86.ActiveCfg = Debug|Any CPU
		{6AB1BAC1-8642-439E-B0C9-9118D8272330}.Debug|x86.Build.0 = Debug|Any CPU
		{6AB1BAC1-8642-439E-B0C9-9118D8272330}.Release|Any CPU.ActiveCfg = Release|Any CPU
		{6AB1BAC1-8642-439E-B0C9-9118D8272330}.Release|Any CPU.Build.0 = Release|Any CPU
		{6AB1BAC1-8642-439E-B0C9-9118D8272330}.Release|x64.ActiveCfg = Release|Any CPU
		{6AB1BAC1-8642-439E-B0C9-9118D8272330}.Release|x64.Build.0 = Release|Any CPU
		{6AB1BAC1-8642-439E-B0C9-9118D8272330}.Release|x86.ActiveCfg = Release|Any CPU
		{6AB1BAC1-8642-439E-B0C9-9118D8272330}.Release|x86.Build.0 = Release|Any CPU
	EndGlobalSection
	GlobalSection(NestedProjects) = preSolution
		{067D1E38-BF2C-44B6-A95A-06F0DBCDD364} = {5F194541-19CC-4166-B1D1-B805EF1FF2C4}
		{6AB1BAC1-8642-439E-B0C9-9118D8272330} = {C9A1B14C-5158-42F6-A2FB-24663F59ECDC}
	EndGlobalSection
EndGlobal
